
Microsoft Visual Studio Solution File, Format Version 12.00
# Visual Studio Version 16
VisualStudioVersion = 16.0.30717.126
MinimumVisualStudioVersion = 10.0.40219.1
Project("{FAE04EC0-301F-11D3-BF4B-00C04F79EFBC}") = "LiskovSubstitutionPrincipleWrong", "LiskovSubstitutionPrincipleWrong\LiskovSubstitutionPrincipleWrong.csproj", "{33C76B7B-28CC-4E14-B446-D725586A8ED2}"
EndProject
Project("{FAE04EC0-301F-11D3-BF4B-00C04F79EFBC}") = "TestLiskov", "TestLiskov\TestLiskov.csproj", "{81AB1FAE-A45C-49E8-88D2-391ABB493098}"
EndProject
Project("{FAE04EC0-301F-11D3-BF4B-00C04F79EFBC}") = "LiskovSubstitutionPrincipleRight", "LiskovSubstitutionPrincipleRight\LiskovSubstitutionPrincipleRight.csproj", "{46F4583C-D29A-41DF-98B8-8A7641C391DF}"
EndProject
Global
	GlobalSection(SolutionConfigurationPlatforms) = preSolution
		Debug|Any CPU = Debug|Any CPU
		Release|Any CPU = Release|Any CPU
	EndGlobalSection
	GlobalSection(ProjectConfigurationPlatforms) = postSolution
		{33C76B7B-28CC-4E14-B446-D725586A8ED2}.Debug|Any CPU.ActiveCfg = Debug|Any CPU
		{33C76B7B-28CC-4E14-B446-D725586A8ED2}.Debug|Any CPU.Build.0 = Debug|Any CPU
		{33C76B7B-28CC-4E14-B446-D725586A8ED2}.Release|Any CPU.ActiveCfg = Release|Any CPU
		{33C76B7B-28CC-4E14-B446-D725586A8ED2}.Release|Any CPU.Build.0 = Release|Any CPU
		{81AB1FAE-A45C-49E8-88D2-391ABB493098}.Debug|Any CPU.ActiveCfg = Debug|Any CPU
		{81AB1FAE-A45C-49E8-88D2-391ABB493098}.Debug|Any CPU.Build.0 = Debug|Any CPU
		{81AB1FAE-A45C-49E8-88D2-391ABB493098}.Release|Any CPU.ActiveCfg = Release|Any CPU
		{81AB1FAE-A45C-49E8-88D2-391ABB493098}.Release|Any CPU.Build.0 = Release|Any CPU
		{46F4583C-D29A-41DF-98B8-8A7641C391DF}.Debug|Any CPU.ActiveCfg = Debug|Any CPU
		{46F4583C-D29A-41DF-98B8-8A7641C391DF}.Debug|Any CPU.Build.0 = Debug|Any CPU
		{46F4583C-D29A-41DF-98B8-8A7641C391DF}.Release|Any CPU.ActiveCfg = Release|Any CPU
		{46F4583C-D29A-41DF-98B8-8A7641C391DF}.Release|Any CPU.Build.0 = Release|Any CPU
	EndGlobalSection
	GlobalSection(SolutionProperties) = preSolution
		HideSolutionNode = FALSE
	EndGlobalSection
	GlobalSection(ExtensibilityGlobals) = postSolution
		SolutionGuid = {693962C9-5CC9-4F6A-BE99-FC83301E08BA}
	EndGlobalSection
EndGlobal
