
Microsoft Visual Studio Solution File, Format Version 12.00
# Visual Studio Version 16
VisualStudioVersion = 16.0.30717.126
MinimumVisualStudioVersion = 10.0.40219.1
Project("{9A19103F-16F7-4668-BE54-9A1E7A4F7556}") = "DependencyInversionWrong", "DependencyInversionWrong\DependencyInversionWrong.csproj", "{126F4069-80D4-4445-9093-B50CDEFE52CD}"
EndProject
Project("{FAE04EC0-301F-11D3-BF4B-00C04F79EFBC}") = "DependencyInversionRight", "DependencyInversionRight\DependencyInversionRight.csproj", "{C8014E30-61AD-418D-A5B9-55D5F9F94B0E}"
EndProject
Global
	GlobalSection(SolutionConfigurationPlatforms) = preSolution
		Debug|Any CPU = Debug|Any CPU
		Release|Any CPU = Release|Any CPU
	EndGlobalSection
	GlobalSection(ProjectConfigurationPlatforms) = postSolution
		{126F4069-80D4-4445-9093-B50CDEFE52CD}.Debug|Any CPU.ActiveCfg = Debug|Any CPU
		{126F4069-80D4-4445-9093-B50CDEFE52CD}.Debug|Any CPU.Build.0 = Debug|Any CPU
		{126F4069-80D4-4445-9093-B50CDEFE52CD}.Release|Any CPU.ActiveCfg = Release|Any CPU
		{126F4069-80D4-4445-9093-B50CDEFE52CD}.Release|Any CPU.Build.0 = Release|Any CPU
		{C8014E30-61AD-418D-A5B9-55D5F9F94B0E}.Debug|Any CPU.ActiveCfg = Debug|Any CPU
		{C8014E30-61AD-418D-A5B9-55D5F9F94B0E}.Debug|Any CPU.Build.0 = Debug|Any CPU
		{C8014E30-61AD-418D-A5B9-55D5F9F94B0E}.Release|Any CPU.ActiveCfg = Release|Any CPU
		{C8014E30-61AD-418D-A5B9-55D5F9F94B0E}.Release|Any CPU.Build.0 = Release|Any CPU
	EndGlobalSection
	GlobalSection(SolutionProperties) = preSolution
		HideSolutionNode = FALSE
	EndGlobalSection
	GlobalSection(ExtensibilityGlobals) = postSolution
		SolutionGuid = {89429C9B-9B74-49BD-95C9-31EBE475EBA4}
	EndGlobalSection
EndGlobal
